{
  "object": {
    "pins": [
      {
        "package": "CSQLite",
        "repositoryURL": "git@github.com:groue/CSQLite.git",
        "state": {
          "branch": null,
          "revision": "3a405d0ebd8bf07d4c41a8b05a203e4d03415b5b",
          "version": "0.3.0"
        }
      },
      {
        "package": "GRDB",
        "repositoryURL": "git@github.com:groue/GRDB.swift.git",
        "state": {
          "branch": null,
          "revision": "fb54c2ae457786bbf9c45ae26dc60b1dc2cd8590",
          "version": "4.2.0"
        }
      }
    ]
  },
  "version": 1
}
